// !$*UTF8*$!
{
	archiveVersion = 1;
	classes = {
	};
	objectVersion = 46;
	objects = {

/* Begin PBXBuildFile section */
		845295051E0E27CA009B5E43 /* AppDelegate.swift in Sources */ = {isa = PBXBuildFile; fileRef = 845295041E0E27CA009B5E43 /* AppDelegate.swift */; };
		845295071E0E27CA009B5E43 /* ViewController.swift in Sources */ = {isa = PBXBuildFile; fileRef = 845295061E0E27CA009B5E43 /* ViewController.swift */; };
		8452950A1E0E27CA009B5E43 /* Main.storyboard in Resources */ = {isa = PBXBuildFile; fileRef = 845295081E0E27CA009B5E43 /* Main.storyboard */; };
		8452950C1E0E27CA009B5E43 /* Assets.xcassets in Resources */ = {isa = PBXBuildFile; fileRef = 8452950B1E0E27CA009B5E43 /* Assets.xcassets */; };
		8452950F1E0E27CA009B5E43 /* LaunchScreen.storyboard in Resources */ = {isa = PBXBuildFile; fileRef = 8452950D1E0E27CA009B5E43 /* LaunchScreen.storyboard */; };
/* End PBXBuildFile section */

/* Begin PBXFileReference section */
		845295011E0E27CA009B5E43 /* CirclesAndCrosses.app */ = {isa = PBXFileReference; explicitFileType = wrapper.application; includeInIndex = 0; path = CirclesAndCrosses.app; sourceTree = BUILT_PRODUCTS_DIR; };
		845295041E0E27CA009B5E43 /* AppDelegate.swift */ = {isa = PBXFileReference; lastKnownFileType = sourcecode.swift; path = AppDelegate.swift; sourceTree = "<group>"; };
		845295061E0E27CA009B5E43 /* ViewController.swift */ = {isa = PBXFileReference; lastKnownFileType = sourcecode.swift; path = ViewController.swift; sourceTree = "<group>"; };
		845295091E0E27CA009B5E43 /* Base */ = {isa = PBXFileReference; lastKnownFileType = file.storyboard; name = Base; path = Base.lproj/Main.storyboard; sourceTree = "<group>"; };
		8452950B1E0E27CA009B5E43 /* Assets.xcassets */ = {isa = PBXFileReference; lastKnownFileType = folder.assetcatalog; path = Assets.xcassets; sourceTree = "<group>"; };
		8452950E1E0E27CA009B5E43 /* Base */ = {isa = PBXFileReference; lastKnownFileType = file.storyboard; name = Base; path = Base.lproj/LaunchScreen.storyboard; sourceTree = "<group>"; };
		845295101E0E27CA009B5E43 /* Info.plist */ = {isa = PBXFileReference; lastKnownFileType = text.plist.xml; path = Info.plist; sourceTree = "<group>"; };
/* End PBXFileReference section */

/* Begin PBXFrameworksBuildPhase section */
		845294FE1E0E27CA009B5E43 /* Frameworks */ = {
			isa = PBXFrameworksBuildPhase;
			buildActionMask = 2147483647;
			files = (
			);
			runOnlyForDeploymentPostprocessing = 0;
		};
/* End PBXFrameworksBuildPhase section */

/* Begin PBXGroup section */
		845294F81E0E27CA009B5E43 = {
			isa = PBXGroup;
			children = (
				845295031E0E27CA009B5E43 /* CirclesAndCrosses */,
				845295021E0E27CA009B5E43 /* Products */,
			);
			sourceTree = "<group>";
		};
		845295021E0E27CA009B5E43 /* Products */ = {
			isa = PBXGroup;
			children = (
				845295011E0E27CA009B5E43 /* CirclesAndCrosses.app */,
			);
			name = Products;
			sourceTree = "<group>";
		};
		845295031E0E27CA009B5E43 /* CirclesAndCrosses */ = {
			isa = PBXGroup;
			children = (
				845295041E0E27CA009B5E43 /* AppDelegate.swift */,
				845295061E0E27CA009B5E43 /* ViewController.swift */,
				845295081E0E27CA009B5E43 /* Main.storyboard */,
				8452950B1E0E27CA009B5E43 /* Assets.xcassets */,
				8452950D1E0E27CA009B5E43 /* LaunchScreen.storyboard */,
				845295101E0E27CA009B5E43 /* Info.plist */,
			);
			path = CirclesAndCrosses;
			sourceTree = "<group>";
		};
/* End PBXGroup section */

/* Begin PBXNativeTarget section */
		845295001E0E27CA009B5E43 /* CirclesAndCrosses */ = {
			isa = PBXNativeTarget;
			buildConfigurationList = 845295131E0E27CA009B5E43 /* Build configuration list for PBXNativeTarget "CirclesAndCrosses" */;
			buildPhases = (
				845294FD1E0E27CA009B5E43 /* Sources */,
				845294FE1E0E27CA009B5E43 /* Frameworks */,
				845294FF1E0E27CA009B5E43 /* Resources */,
			);
			buildRules = (
			);
			dependencies = (
			);
			name = CirclesAndCrosses;
			productName = CirclesAndCrosses;
			productReference = 845295011E0E27CA009B5E43 /* CirclesAndCrosses.app */;
			productType = "com.apple.product-type.application";
		};
/* End PBXNativeTarget section */

/* Begin PBXProject section */
		845294F91E0E27CA009B5E43 /* Project object */ = {
			isa = PBXProject;
			attributes = {
				LastSwiftUpdateCheck = 0820;
				LastUpgradeCheck = 0820;
				ORGANIZATIONNAME = "はるふ";
				TargetAttributes = {
					845295001E0E27CA009B5E43 = {
						CreatedOnToolsVersion = 8.2;
						ProvisioningStyle = Automatic;
					};
				};
			};
			buildConfigurationList = 845294FC1E0E27CA009B5E43 /* Build configuration list for PBXProject "CirclesAndCrosses" */;
			compatibilityVersion = "Xcode 3.2";
			developmentRegion = English;
			hasScannedForEncodings = 0;
			knownRegions = (
				en,
				Base,
			);
			mainGroup = 845294F81E0E27CA009B5E43;
			productRefGroup = 845295021E0E27CA009B5E43 /* Products */;
			projectDirPath = "";
			projectRoot = "";
			targets = (
				845295001E0E27CA009B5E43 /* CirclesAndCrosses */,
			);
		};
/* End PBXProject section */

/* Begin PBXResourcesBuildPhase section */
		845294FF1E0E27CA009B5E43 /* Resources */ = {
			isa = PBXResourcesBuildPhase;
			buildActionMask = 2147483647;
			files = (
				8452950F1E0E27CA009B5E43 /* LaunchScreen.storyboard in Resources */,
				8452950C1E0E27CA009B5E43 /* Assets.xcassets in Resources */,
				8452950A1E0E27CA009B5E43 /* Main.storyboard in Resources */,
			);
			runOnlyForDeploymentPostprocessing = 0;
		};
/* End PBXResourcesBuildPhase section */

/* Begin PBXSourcesBuildPhase section */
		845294FD1E0E27CA009B5E43 /* Sources */ = {
			isa = PBXSourcesBuildPhase;
			buildActionMask = 2147483647;
			files = (
				845295071E0E27CA009B5E43 /* ViewController.swift in Sources */,
				845295051E0E27CA009B5E43 /* AppDelegate.swift in Sources */,
			);
			runOnlyForDeploymentPostprocessing = 0;
		};
/* End PBXSourcesBuildPhase section */

/* Begin PBXVariantGroup section */
		845295081E0E27CA009B5E43 /* Main.storyboard */ = {
			isa = PBXVariantGroup;
			children = (
				845295091E0E27CA009B5E43 /* Base */,
			);
			name = Main.storyboard;
			sourceTree = "<group>";
		};
		8452950D1E0E27CA009B5E43 /* LaunchScreen.storyboard */ = {
			isa = PBXVariantGroup;
			children = (
				8452950E1E0E27CA009B5E43 /* Base */,
			);
			name = LaunchScreen.storyboard;
			sourceTree = "<group>";
		};
/* End PBXVariantGroup section */

/* Begin XCBuildConfiguration section */
		845295111E0E27CA009B5E43 /* Debug */ = {
			isa = XCBuildConfiguration;
			buildSettings = {
				ALWAYS_SEARCH_USER_PATHS = NO;
				CLANG_ANALYZER_NONNULL = YES;
				CLANG_CXX_LANGUAGE_STANDARD = "gnu++0x";
				CLANG_CXX_LIBRARY = "libc++";
				CLANG_ENABLE_MODULES = YES;
				CLANG_ENABLE_OBJC_ARC = YES;
				CLANG_WARN_BOOL_CONVERSION = YES;
				CLANG_WARN_CONSTANT_CONVERSION = YES;
				CLANG_WARN_DIRECT_OBJC_ISA_USAGE = YES_ERROR;
				CLANG_WARN_DOCUMENTATION_COMMENTS = YES;
				CLANG_WARN_EMPTY_BODY = YES;
				CLANG_WARN_ENUM_CONVERSION = YES;
				CLANG_WARN_INFINITE_RECURSION = YES;
				CLANG_WARN_INT_CONVERSION = YES;
				CLANG_WARN_OBJC_ROOT_CLASS = YES_ERROR;
				CLANG_WARN_SUSPICIOUS_MOVE = YES;
				CLANG_WARN_UNREACHABLE_CODE = YES;
				CLANG_WARN__DUPLICATE_METHOD_MATCH = YES;
				"CODE_SIGN_IDENTITY[sdk=iphoneos*]" = "iPhone Developer";
				COPY_PHASE_STRIP = NO;
				DEBUG_INFORMATION_FORMAT = dwarf;
				ENABLE_STRICT_OBJC_MSGSEND = YES;
				ENABLE_TESTABILITY = YES;
				GCC_C_LANGUAGE_STANDARD = gnu99;
				GCC_DYNAMIC_NO_PIC = NO;
				GCC_NO_COMMON_BLOCKS = YES;
				GCC_OPTIMIZATION_LEVEL = 0;
				GCC_PREPROCESSOR_DEFINITIONS = (
					"DEBUG=1",
					"$(inherited)",
				);
				GCC_WARN_64_TO_32_BIT_CONVERSION = YES;
				GCC_WARN_ABOUT_RETURN_TYPE = YES_ERROR;
				GCC_WARN_UNDECLARED_SELECTOR = YES;
				GCC_WARN_UNINITIALIZED_AUTOS = YES_AGGRESSIVE;
				GCC_WARN_UNUSED_FUNCTION = YES;
				GCC_WARN_UNUSED_VARIABLE = YES;
				IPHONEOS_DEPLOYMENT_TARGET = 10.2;
				MTL_ENABLE_DEBUG_INFO = YES;
				ONLY_ACTIVE_ARCH = YES;
				SDKROOT = iphoneos;
				SWIFT_ACTIVE_COMPILATION_CONDITIONS = DEBUG;
				SWIFT_OPTIMIZATION_LEVEL = "-Onone";
				TARGETED_DEVICE_FAMILY = "1,2";
			};
			name = Debug;
		};
		845295121E0E27CA009B5E43 /* Release */ = {
			isa = XCBuildConfiguration;
			buildSettings = {
				ALWAYS_SEARCH_USER_PATHS = NO;
				CLANG_ANALYZER_NONNULL = YES;
				CLANG_CXX_LANGUAGE_STANDARD = "gnu++0x";
				CLANG_CXX_LIBRARY = "libc++";
				CLANG_ENABLE_MODULES = YES;
				CLANG_ENABLE_OBJC_ARC = YES;
				CLANG_WARN_BOOL_CONVERSION = YES;
				CLANG_WARN_CONSTANT_CONVERSION = YES;
				CLANG_WARN_DIRECT_OBJC_ISA_USAGE = YES_ERROR;
				CLANG_WARN_DOCUMENTATION_COMMENTS = YES;
				CLANG_WARN_EMPTY_BODY = YES;
				CLANG_WARN_ENUM_CONVERSION = YES;
				CLANG_WARN_INFINITE_RECURSION = YES;
				CLANG_WARN_INT_CONVERSION = YES;
				CLANG_WARN_OBJC_ROOT_CLASS = YES_ERROR;
				CLANG_WARN_SUSPICIOUS_MOVE = YES;
				CLANG_WARN_UNREACHABLE_CODE = YES;
				CLANG_WARN__DUPLICATE_METHOD_MATCH = YES;
				"CODE_SIGN_IDENTITY[sdk=iphoneos*]" = "iPhone Developer";
				COPY_PHASE_STRIP = NO;
				DEBUG_INFORMATION_FORMAT = "dwarf-with-dsym";
				ENABLE_NS_ASSERTIONS = NO;
				ENABLE_STRICT_OBJC_MSGSEND = YES;
				GCC_C_LANGUAGE_STANDARD = gnu99;
				GCC_NO_COMMON_BLOCKS = YES;
				GCC_WARN_64_TO_32_BIT_CONVERSION = YES;
				GCC_WARN_ABOUT_RETURN_TYPE = YES_ERROR;
				GCC_WARN_UNDECLARED_SELECTOR = YES;
				GCC_WARN_UNINITIALIZED_AUTOS = YES_AGGRESSIVE;
				GCC_WARN_UNUSED_FUNCTION = YES;
				GCC_WARN_UNUSED_VARIABLE = YES;
				IPHONEOS_DEPLOYMENT_TARGET = 10.2;
				MTL_ENABLE_DEBUG_INFO = NO;
				SDKROOT = iphoneos;
				SWIFT_OPTIMIZATION_LEVEL = "-Owholemodule";
				TARGETED_DEVICE_FAMILY = "1,2";
				VALIDATE_PRODUCT = YES;
			};
			name = Release;
		};
		845295141E0E27CA009B5E43 /* Debug */ = {
			isa = XCBuildConfiguration;
			buildSettings = {
				ASSETCATALOG_COMPILER_APPICON_NAME = AppIcon;
				INFOPLIST_FILE = CirclesAndCrosses/Info.plist;
				LD_RUNPATH_SEARCH_PATHS = "$(inherited) @executable_path/Frameworks";
				PRODUCT_BUNDLE_IDENTIFIER = net.ha1f.CirclesAndCrosses;
				PRODUCT_NAME = "$(TARGET_NAME)";
				SWIFT_VERSION = 3.0;
			};
			name = Debug;
		};
		845295151E0E27CA009B5E43 /* Release */ = {
			isa = XCBuildConfiguration;
			buildSettings = {
				ASSETCATALOG_COMPILER_APPICON_NAME = AppIcon;
				INFOPLIST_FILE = CirclesAndCrosses/Info.plist;
				LD_RUNPATH_SEARCH_PATHS = "$(inherited) @executable_path/Frameworks";
				PRODUCT_BUNDLE_IDENTIFIER = net.ha1f.CirclesAndCrosses;
				PRODUCT_NAME = "$(TARGET_NAME)";
				SWIFT_VERSION = 3.0;
			};
			name = Release;
		};
/* End XCBuildConfiguration section */

/* Begin XCConfigurationList section */
		845294FC1E0E27CA009B5E43 /* Build configuration list for PBXProject "CirclesAndCrosses" */ = {
			isa = XCConfigurationList;
			buildConfigurations = (
				845295111E0E27CA009B5E43 /* Debug */,
				845295121E0E27CA009B5E43 /* Release */,
			);
			defaultConfigurationIsVisible = 0;
			defaultConfigurationName = Release;
		};
		845295131E0E27CA009B5E43 /* Build configuration list for PBXNativeTarget "CirclesAndCrosses" */ = {
			isa = XCConfigurationList;
			buildConfigurations = (
				845295141E0E27CA009B5E43 /* Debug */,
				845295151E0E27CA009B5E43 /* Release */,
			);
			defaultConfigurationIsVisible = 0;
		};
/* End XCConfigurationList section */
	};
	rootObject = 845294F91E0E27CA009B5E43 /* Project object */;
}
